
Microsoft Visual Studio Solution File, Format Version 12.00
# Visual Studio 15
VisualStudioVersion = 15.0.28307.1259
MinimumVisualStudioVersion = 10.0.40219.1
Project("{8BC9CEB8-8B4A-11D0-8D11-00A0C91BC942}") = "text_6_5", "text_6_5\text_6_5.vcxproj", "{285BF1C0-1BBF-4D01-9A6A-D68EEA1F12DA}"
EndProject
Global
	GlobalSection(SolutionConfigurationPlatforms) = preSolution
		Debug|x64 = Debug|x64
		Debug|x86 = Debug|x86
		Release|x64 = Release|x64
		Release|x86 = Release|x86
	EndGlobalSection
	GlobalSection(ProjectConfigurationPlatforms) = postSolution
		{285BF1C0-1BBF-4D01-9A6A-D68EEA1F12DA}.Debug|x64.ActiveCfg = Debug|x64
		{285BF1C0-1BBF-4D01-9A6A-D68EEA1F12DA}.Debug|x64.Build.0 = Debug|x64
		{285BF1C0-1BBF-4D01-9A6A-D68EEA1F12DA}.Debug|x86.ActiveCfg = Debug|Win32
		{285BF1C0-1BBF-4D01-9A6A-D68EEA1F12DA}.Debug|x86.Build.0 = Debug|Win32
		{285BF1C0-1BBF-4D01-9A6A-D68EEA1F12DA}.Release|x64.ActiveCfg = Release|x64
		{285BF1C0-1BBF-4D01-9A6A-D68EEA1F12DA}.Release|x64.Build.0 = Release|x64
		{285BF1C0-1BBF-4D01-9A6A-D68EEA1F12DA}.Release|x86.ActiveCfg = Release|Win32
		{285BF1C0-1BBF-4D01-9A6A-D68EEA1F12DA}.Release|x86.Build.0 = Release|Win32
	EndGlobalSection
	GlobalSection(SolutionProperties) = preSolution
		HideSolutionNode = FALSE
	EndGlobalSection
	GlobalSection(ExtensibilityGlobals) = postSolution
		SolutionGuid = {915B8341-A1E1-4B02-8FB5-3AB372D9F9E7}
	EndGlobalSection
EndGlobal
