
Microsoft Visual Studio Solution File, Format Version 12.00
# Visual Studio 15
VisualStudioVersion = 15.0.28307.1259
MinimumVisualStudioVersion = 10.0.40219.1
Project("{8BC9CEB8-8B4A-11D0-8D11-00A0C91BC942}") = "text_6_17", "text_6_17\text_6_17.vcxproj", "{775FB683-6B61-43D4-91DC-62992216635A}"
EndProject
Global
	GlobalSection(SolutionConfigurationPlatforms) = preSolution
		Debug|x64 = Debug|x64
		Debug|x86 = Debug|x86
		Release|x64 = Release|x64
		Release|x86 = Release|x86
	EndGlobalSection
	GlobalSection(ProjectConfigurationPlatforms) = postSolution
		{775FB683-6B61-43D4-91DC-62992216635A}.Debug|x64.ActiveCfg = Debug|x64
		{775FB683-6B61-43D4-91DC-62992216635A}.Debug|x64.Build.0 = Debug|x64
		{775FB683-6B61-43D4-91DC-62992216635A}.Debug|x86.ActiveCfg = Debug|Win32
		{775FB683-6B61-43D4-91DC-62992216635A}.Debug|x86.Build.0 = Debug|Win32
		{775FB683-6B61-43D4-91DC-62992216635A}.Release|x64.ActiveCfg = Release|x64
		{775FB683-6B61-43D4-91DC-62992216635A}.Release|x64.Build.0 = Release|x64
		{775FB683-6B61-43D4-91DC-62992216635A}.Release|x86.ActiveCfg = Release|Win32
		{775FB683-6B61-43D4-91DC-62992216635A}.Release|x86.Build.0 = Release|Win32
	EndGlobalSection
	GlobalSection(SolutionProperties) = preSolution
		HideSolutionNode = FALSE
	EndGlobalSection
	GlobalSection(ExtensibilityGlobals) = postSolution
		SolutionGuid = {103DF5AB-3A19-4D9D-9232-B87F10D8EDB6}
	EndGlobalSection
EndGlobal
