
Microsoft Visual Studio Solution File, Format Version 12.00
# Visual Studio 15
VisualStudioVersion = 15.0.28307.1259
MinimumVisualStudioVersion = 10.0.40219.1
Project("{8BC9CEB8-8B4A-11D0-8D11-00A0C91BC942}") = "vector", "vector\vector.vcxproj", "{538FA235-9EDA-4BF4-B775-54C7E49A45BD}"
EndProject
Global
	GlobalSection(SolutionConfigurationPlatforms) = preSolution
		Debug|x64 = Debug|x64
		Debug|x86 = Debug|x86
		Release|x64 = Release|x64
		Release|x86 = Release|x86
	EndGlobalSection
	GlobalSection(ProjectConfigurationPlatforms) = postSolution
		{538FA235-9EDA-4BF4-B775-54C7E49A45BD}.Debug|x64.ActiveCfg = Debug|x64
		{538FA235-9EDA-4BF4-B775-54C7E49A45BD}.Debug|x64.Build.0 = Debug|x64
		{538FA235-9EDA-4BF4-B775-54C7E49A45BD}.Debug|x86.ActiveCfg = Debug|Win32
		{538FA235-9EDA-4BF4-B775-54C7E49A45BD}.Debug|x86.Build.0 = Debug|Win32
		{538FA235-9EDA-4BF4-B775-54C7E49A45BD}.Release|x64.ActiveCfg = Release|x64
		{538FA235-9EDA-4BF4-B775-54C7E49A45BD}.Release|x64.Build.0 = Release|x64
		{538FA235-9EDA-4BF4-B775-54C7E49A45BD}.Release|x86.ActiveCfg = Release|Win32
		{538FA235-9EDA-4BF4-B775-54C7E49A45BD}.Release|x86.Build.0 = Release|Win32
	EndGlobalSection
	GlobalSection(SolutionProperties) = preSolution
		HideSolutionNode = FALSE
	EndGlobalSection
	GlobalSection(ExtensibilityGlobals) = postSolution
		SolutionGuid = {A3700CDB-8A4E-4C0B-B1A1-C21FACCC9E62}
	EndGlobalSection
EndGlobal
